<?xml version="1.0" encoding="UTF-8" standalone="yes" ?>
<CodeBlocks_project_file>
	<FileVersion major="1" minor="6" />
	<Project>
		<Option title="eecs484p4wyg" />
		<Option makefile_is_custom="1" />
		<Option pch_mode="2" />
		<Option compiler="gcc" />
		<Build>
			<Target title="Debug">
				<Option output="bin/Debug/eecs484p4wyg" prefix_auto="1" extension_auto="1" />
				<Option object_output="obj/Debug/" />
				<Option type="1" />
				<Option compiler="gcc" />
				<Compiler>
					<Add option="-g" />
				</Compiler>
			</Target>
			<Target title="Release">
				<Option output="bin/Release/eecs484p4wyg" prefix_auto="1" extension_auto="1" />
				<Option object_output="obj/Release/" />
				<Option type="1" />
				<Option compiler="gcc" />
				<Compiler>
					<Add option="-O2" />
				</Compiler>
				<Linker>
					<Add option="-s" />
				</Linker>
			</Target>
			<Target title="all">
				<Option output="eecs484p4wyg" prefix_auto="1" extension_auto="1" />
				<Option type="0" />
				<Option compiler="gcc" />
			</Target>
			<Target title="clean">
				<Option output="eecs484p4wyg" prefix_auto="1" extension_auto="1" />
				<Option type="0" />
				<Option compiler="gcc" />
			</Target>
		</Build>
		<Compiler>
			<Add option="-Wall" />
			<Add option="-fexceptions" />
		</Compiler>
		<Unit filename="buf.h">
			<Option target="Debug" />
			<Option target="Release" />
			<Option target="all" />
		</Unit>
		<Unit filename="bufMap.h">
			<Option target="Debug" />
			<Option target="Release" />
			<Option target="all" />
		</Unit>
		<Unit filename="catalog.h">
			<Option target="Debug" />
			<Option target="Release" />
			<Option target="all" />
		</Unit>
		<Unit filename="datatypes.h">
			<Option target="Debug" />
			<Option target="Release" />
			<Option target="all" />
		</Unit>
		<Unit filename="db.h">
			<Option target="Debug" />
			<Option target="Release" />
			<Option target="all" />
		</Unit>
		<Unit filename="dbcreate.cpp">
			<Option target="Debug" />
			<Option target="Release" />
			<Option target="all" />
		</Unit>
		<Unit filename="dbcreateEC.cpp">
			<Option target="Debug" />
			<Option target="Release" />
			<Option target="all" />
		</Unit>
		<Unit filename="dbdestroy.cpp">
			<Option target="Debug" />
			<Option target="Release" />
			<Option target="all" />
		</Unit>
		<Unit filename="dbdestroyEC.cpp">
			<Option target="Debug" />
			<Option target="Release" />
			<Option target="all" />
		</Unit>
		<Unit filename="error.cpp">
			<Option target="Debug" />
			<Option target="Release" />
			<Option target="all" />
		</Unit>
		<Unit filename="error.h">
			<Option target="Debug" />
			<Option target="Release" />
			<Option target="all" />
		</Unit>
		<Unit filename="heapfile.cpp">
			<Option target="Debug" />
			<Option target="Release" />
			<Option target="all" />
		</Unit>
		<Unit filename="heapfile.h">
			<Option target="Debug" />
			<Option target="Release" />
			<Option target="all" />
		</Unit>
		<Unit filename="index.cpp">
			<Option target="Debug" />
			<Option target="Release" />
			<Option target="all" />
		</Unit>
		<Unit filename="index.h">
			<Option target="Debug" />
			<Option target="Release" />
			<Option target="all" />
		</Unit>
		<Unit filename="indexselect.cpp">
			<Option target="Debug" />
			<Option target="Release" />
			<Option target="all" />
		</Unit>
		<Unit filename="inl.cpp">
			<Option target="Debug" />
			<Option target="Release" />
			<Option target="all" />
		</Unit>
		<Unit filename="insert.cpp">
			<Option target="Debug" />
			<Option target="Release" />
			<Option target="all" />
		</Unit>
		<Unit filename="join.cpp">
			<Option target="Debug" />
			<Option target="Release" />
			<Option target="all" />
		</Unit>
		<Unit filename="minirel.cpp">
			<Option target="Debug" />
			<Option target="Release" />
			<Option target="all" />
		</Unit>
		<Unit filename="page.cpp">
			<Option target="Debug" />
			<Option target="Release" />
			<Option target="all" />
		</Unit>
		<Unit filename="page.h">
			<Option target="Debug" />
			<Option target="Release" />
			<Option target="all" />
		</Unit>
		<Unit filename="print.cpp">
			<Option target="Debug" />
			<Option target="Release" />
			<Option target="all" />
		</Unit>
		<Unit filename="query.h">
			<Option target="Debug" />
			<Option target="Release" />
			<Option target="all" />
		</Unit>
		<Unit filename="scanselect.cpp">
			<Option target="Debug" />
			<Option target="Release" />
			<Option target="all" />
		</Unit>
		<Unit filename="select.cpp">
			<Option target="Debug" />
			<Option target="Release" />
			<Option target="all" />
		</Unit>
		<Unit filename="smj.cpp">
			<Option target="Debug" />
			<Option target="Release" />
			<Option target="all" />
		</Unit>
		<Unit filename="snl.cpp">
			<Option target="Debug" />
			<Option target="Release" />
			<Option target="all" />
		</Unit>
		<Unit filename="sort.cpp">
			<Option target="Debug" />
			<Option target="Release" />
			<Option target="all" />
		</Unit>
		<Unit filename="sort.h">
			<Option target="Debug" />
			<Option target="Release" />
			<Option target="all" />
		</Unit>
		<Unit filename="utility.h">
			<Option target="Debug" />
			<Option target="Release" />
			<Option target="all" />
		</Unit>
		<Extensions>
			<code_completion />
			<debugger />
		</Extensions>
	</Project>
</CodeBlocks_project_file>
